<Solution>
  <Project Path="example/example.csproj" />
  <Project Path="bindings/Datadog.Maui/Datadog.Maui.csproj" />
  <Project Path="bindings/Datadog.iOS.Binding/Datadog.iOS.Binding.csproj" />
  <Project Path="bindings/Datadog.Android.Binding/Datadog.Android.Binding.csproj" />
  <Project Path="bindings/Datadog.Android.Core/Datadog.Android.Core.csproj" />
  <Project Path="bindings/Datadog.Android.Internal/Datadog.Android.Internal.csproj" />
  <Project Path="bindings/Datadog.Android.Logs/Datadog.Android.Logs.csproj" />
  <Project Path="tests/Datadog.Maui.Tests/Datadog.Maui.Tests.csproj" />
  <Project Path="tests/DebugIdManifestGenerator.Tests/DebugIdManifestGenerator.Tests.csproj" />
</Solution>
