<Solution>
  <Project Path="example/example.csproj" />
  <Project Path="bindings/DatadogSdk.Maui/DatadogSdk.Maui.csproj" />
  <Project Path="bindings/DatadogSdk.iOS.Binding/DatadogSdk.iOS.Binding.csproj" />
  <Project Path="bindings/DatadogSdk.Android.Binding/DatadogSdk.Android.Binding.csproj" />
  <Project Path="bindings/DatadogSdk.Android.Core/DatadogSdk.Android.Core.csproj" />
  <Project Path="bindings/DatadogSdk.Android.Internal/DatadogSdk.Android.Internal.csproj" />
  <Project Path="bindings/DatadogSdk.Android.Logs/DatadogSdk.Android.Logs.csproj" />
  <Project Path="tests/DatadogSdk.Maui.Tests/DatadogSdk.Maui.Tests.csproj" />
</Solution>
